
Microsoft Visual Studio Solution File, Format Version 12.00
# Visual Studio Version 16
VisualStudioVersion = 16.0.30611.23
MinimumVisualStudioVersion = 10.0.40219.1
Project("{FAE04EC0-301F-11D3-BF4B-00C04F79EFBC}") = "dotNET5781_00_0955_1050", "dotNET5781_00_0955_1050\dotNET5781_00_0955_1050.csproj", "{33F24079-73CC-42AA-AD0C-779D7A01903A}"
EndProject
Project("{FAE04EC0-301F-11D3-BF4B-00C04F79EFBC}") = "dotNET5781_01_4072_1050", "dotNET5781_01_4072_1050\dotNET5781_01_4072_1050.csproj", "{8B29F2CC-CF1C-490B-A9E3-1DB8C0CB867E}"
EndProject
Project("{FAE04EC0-301F-11D3-BF4B-00C04F79EFBC}") = "dotNET5781_01_4072_5426", "dotNET5781_01_4072_5426\dotNET5781_01_4072_5426.csproj", "{7003F38D-1EBD-4E4E-AF79-AD4E59AF5D8F}"
EndProject
Project("{FAE04EC0-301F-11D3-BF4B-00C04F79EFBC}") = "dotNET5781_02_4072_5246", "dotNET5781_02_4072_5246\dotNET5781_02_4072_5246.csproj", "{F3C9F2BD-5E71-4129-AFD3-7C90D404AFBA}"
EndProject
Project("{FAE04EC0-301F-11D3-BF4B-00C04F79EFBC}") = "dotNET5781_3A_4072_5246", "dotNET5781_3A_4072_5246\dotNET5781_3A_4072_5246.csproj", "{4535CD51-5E7D-4373-9835-7DA669F8D75E}"
EndProject
Project("{2150E333-8FDC-42A3-9474-1A3956D46DE8}") = "Solution Items", "Solution Items", "{6C8E1AC7-5311-4BC6-B687-C15F44FC64D7}"
	ProjectSection(SolutionItems) = preProject
		.editorconfig = .editorconfig
	EndProjectSection
EndProject
Project("{FAE04EC0-301F-11D3-BF4B-00C04F79EFBC}") = "dotNET5781_3B_4072_5246", "dotNET5781_3B_4072_5246\dotNET5781_3B_4072_5246.csproj", "{CC2C9912-1906-4717-903F-31547861506B}"
EndProject
Project("{FAE04EC0-301F-11D3-BF4B-00C04F79EFBC}") = "Bl", "Bl\Bl.csproj", "{1610D946-D846-407F-A129-DFF6540902B2}"
EndProject
Project("{FAE04EC0-301F-11D3-BF4B-00C04F79EFBC}") = "DalObject", "DalObject\DalObject.csproj", "{7729257B-0E12-4A7C-B91D-C1CCDDF64F79}"
EndProject
Project("{FAE04EC0-301F-11D3-BF4B-00C04F79EFBC}") = "DalXml", "DalXml\DalXml.csproj", "{215F6B89-8495-43F5-AF2F-408862B0E949}"
EndProject
Project("{FAE04EC0-301F-11D3-BF4B-00C04F79EFBC}") = "PlGui", "PlGui\PlGui.csproj", "{7AEE4140-64EB-45AC-A235-4B2CD68A92DD}"
EndProject
Project("{FAE04EC0-301F-11D3-BF4B-00C04F79EFBC}") = "DS", "DS\DS.csproj", "{E579BDFA-188B-4BED-B3CC-96ED023DB1EC}"
EndProject
Project("{FAE04EC0-301F-11D3-BF4B-00C04F79EFBC}") = "DalApi", "DalApi\DalApi.csproj", "{909349F5-B616-49DB-B998-0B960BBA6AF9}"
EndProject
Global
	GlobalSection(SolutionConfigurationPlatforms) = preSolution
		Debug|Any CPU = Debug|Any CPU
		Release|Any CPU = Release|Any CPU
	EndGlobalSection
	GlobalSection(ProjectConfigurationPlatforms) = postSolution
		{33F24079-73CC-42AA-AD0C-779D7A01903A}.Debug|Any CPU.ActiveCfg = Debug|Any CPU
		{33F24079-73CC-42AA-AD0C-779D7A01903A}.Debug|Any CPU.Build.0 = Debug|Any CPU
		{33F24079-73CC-42AA-AD0C-779D7A01903A}.Release|Any CPU.ActiveCfg = Release|Any CPU
		{33F24079-73CC-42AA-AD0C-779D7A01903A}.Release|Any CPU.Build.0 = Release|Any CPU
		{8B29F2CC-CF1C-490B-A9E3-1DB8C0CB867E}.Debug|Any CPU.ActiveCfg = Debug|Any CPU
		{8B29F2CC-CF1C-490B-A9E3-1DB8C0CB867E}.Debug|Any CPU.Build.0 = Debug|Any CPU
		{8B29F2CC-CF1C-490B-A9E3-1DB8C0CB867E}.Release|Any CPU.ActiveCfg = Release|Any CPU
		{8B29F2CC-CF1C-490B-A9E3-1DB8C0CB867E}.Release|Any CPU.Build.0 = Release|Any CPU
		{7003F38D-1EBD-4E4E-AF79-AD4E59AF5D8F}.Debug|Any CPU.ActiveCfg = Debug|Any CPU
		{7003F38D-1EBD-4E4E-AF79-AD4E59AF5D8F}.Debug|Any CPU.Build.0 = Debug|Any CPU
		{7003F38D-1EBD-4E4E-AF79-AD4E59AF5D8F}.Release|Any CPU.ActiveCfg = Release|Any CPU
		{7003F38D-1EBD-4E4E-AF79-AD4E59AF5D8F}.Release|Any CPU.Build.0 = Release|Any CPU
		{F3C9F2BD-5E71-4129-AFD3-7C90D404AFBA}.Debug|Any CPU.ActiveCfg = Debug|Any CPU
		{F3C9F2BD-5E71-4129-AFD3-7C90D404AFBA}.Debug|Any CPU.Build.0 = Debug|Any CPU
		{F3C9F2BD-5E71-4129-AFD3-7C90D404AFBA}.Release|Any CPU.ActiveCfg = Release|Any CPU
		{F3C9F2BD-5E71-4129-AFD3-7C90D404AFBA}.Release|Any CPU.Build.0 = Release|Any CPU
		{4535CD51-5E7D-4373-9835-7DA669F8D75E}.Debug|Any CPU.ActiveCfg = Debug|Any CPU
		{4535CD51-5E7D-4373-9835-7DA669F8D75E}.Debug|Any CPU.Build.0 = Debug|Any CPU
		{4535CD51-5E7D-4373-9835-7DA669F8D75E}.Release|Any CPU.ActiveCfg = Release|Any CPU
		{4535CD51-5E7D-4373-9835-7DA669F8D75E}.Release|Any CPU.Build.0 = Release|Any CPU
		{CC2C9912-1906-4717-903F-31547861506B}.Debug|Any CPU.ActiveCfg = Debug|Any CPU
		{CC2C9912-1906-4717-903F-31547861506B}.Debug|Any CPU.Build.0 = Debug|Any CPU
		{CC2C9912-1906-4717-903F-31547861506B}.Release|Any CPU.ActiveCfg = Release|Any CPU
		{CC2C9912-1906-4717-903F-31547861506B}.Release|Any CPU.Build.0 = Release|Any CPU
		{1610D946-D846-407F-A129-DFF6540902B2}.Debug|Any CPU.ActiveCfg = Debug|Any CPU
		{1610D946-D846-407F-A129-DFF6540902B2}.Debug|Any CPU.Build.0 = Debug|Any CPU
		{1610D946-D846-407F-A129-DFF6540902B2}.Release|Any CPU.ActiveCfg = Release|Any CPU
		{1610D946-D846-407F-A129-DFF6540902B2}.Release|Any CPU.Build.0 = Release|Any CPU
		{7729257B-0E12-4A7C-B91D-C1CCDDF64F79}.Debug|Any CPU.ActiveCfg = Debug|Any CPU
		{7729257B-0E12-4A7C-B91D-C1CCDDF64F79}.Debug|Any CPU.Build.0 = Debug|Any CPU
		{7729257B-0E12-4A7C-B91D-C1CCDDF64F79}.Release|Any CPU.ActiveCfg = Release|Any CPU
		{7729257B-0E12-4A7C-B91D-C1CCDDF64F79}.Release|Any CPU.Build.0 = Release|Any CPU
		{215F6B89-8495-43F5-AF2F-408862B0E949}.Debug|Any CPU.ActiveCfg = Debug|Any CPU
		{215F6B89-8495-43F5-AF2F-408862B0E949}.Debug|Any CPU.Build.0 = Debug|Any CPU
		{215F6B89-8495-43F5-AF2F-408862B0E949}.Release|Any CPU.ActiveCfg = Release|Any CPU
		{215F6B89-8495-43F5-AF2F-408862B0E949}.Release|Any CPU.Build.0 = Release|Any CPU
		{7AEE4140-64EB-45AC-A235-4B2CD68A92DD}.Debug|Any CPU.ActiveCfg = Debug|Any CPU
		{7AEE4140-64EB-45AC-A235-4B2CD68A92DD}.Debug|Any CPU.Build.0 = Debug|Any CPU
		{7AEE4140-64EB-45AC-A235-4B2CD68A92DD}.Release|Any CPU.ActiveCfg = Release|Any CPU
		{7AEE4140-64EB-45AC-A235-4B2CD68A92DD}.Release|Any CPU.Build.0 = Release|Any CPU
		{E579BDFA-188B-4BED-B3CC-96ED023DB1EC}.Debug|Any CPU.ActiveCfg = Debug|Any CPU
		{E579BDFA-188B-4BED-B3CC-96ED023DB1EC}.Debug|Any CPU.Build.0 = Debug|Any CPU
		{E579BDFA-188B-4BED-B3CC-96ED023DB1EC}.Release|Any CPU.ActiveCfg = Release|Any CPU
		{E579BDFA-188B-4BED-B3CC-96ED023DB1EC}.Release|Any CPU.Build.0 = Release|Any CPU
		{909349F5-B616-49DB-B998-0B960BBA6AF9}.Debug|Any CPU.ActiveCfg = Debug|Any CPU
		{909349F5-B616-49DB-B998-0B960BBA6AF9}.Debug|Any CPU.Build.0 = Debug|Any CPU
		{909349F5-B616-49DB-B998-0B960BBA6AF9}.Release|Any CPU.ActiveCfg = Release|Any CPU
		{909349F5-B616-49DB-B998-0B960BBA6AF9}.Release|Any CPU.Build.0 = Release|Any CPU
	EndGlobalSection
	GlobalSection(SolutionProperties) = preSolution
		HideSolutionNode = FALSE
	EndGlobalSection
	GlobalSection(ExtensibilityGlobals) = postSolution
		SolutionGuid = {AC7E38C8-B159-4796-9702-553676C22CA5}
	EndGlobalSection
EndGlobal
