
Microsoft Visual Studio Solution File, Format Version 12.00
# Visual Studio Version 16
VisualStudioVersion = 16.0.30611.23
MinimumVisualStudioVersion = 10.0.40219.1
Project("{FAE04EC0-301F-11D3-BF4B-00C04F79EFBC}") = "dotNET5781_00_0955_1050", "dotNET5781_00_0955_1050\dotNET5781_00_0955_1050.csproj", "{33F24079-73CC-42AA-AD0C-779D7A01903A}"
EndProject
Project("{FAE04EC0-301F-11D3-BF4B-00C04F79EFBC}") = "dotNET5781_01_4072_1050", "dotNET5781_01_4072_1050\dotNET5781_01_4072_1050.csproj", "{8B29F2CC-CF1C-490B-A9E3-1DB8C0CB867E}"
EndProject
Project("{FAE04EC0-301F-11D3-BF4B-00C04F79EFBC}") = "dotNET5781_01_4072_5426", "dotNET5781_01_4072_5426\dotNET5781_01_4072_5426.csproj", "{7003F38D-1EBD-4E4E-AF79-AD4E59AF5D8F}"
EndProject
Project("{FAE04EC0-301F-11D3-BF4B-00C04F79EFBC}") = "dotNET5781_02_4072_5246", "dotNET5781_02_4072_5246\dotNET5781_02_4072_5246.csproj", "{F3C9F2BD-5E71-4129-AFD3-7C90D404AFBA}"
EndProject
Project("{FAE04EC0-301F-11D3-BF4B-00C04F79EFBC}") = "dotNET5781_3A_4072_5246", "dotNET5781_3A_4072_5246\dotNET5781_3A_4072_5246.csproj", "{4535CD51-5E7D-4373-9835-7DA669F8D75E}"
EndProject
Project("{2150E333-8FDC-42A3-9474-1A3956D46DE8}") = "Solution Items", "Solution Items", "{6C8E1AC7-5311-4BC6-B687-C15F44FC64D7}"
	ProjectSection(SolutionItems) = preProject
		.editorconfig = .editorconfig
	EndProjectSection
EndProject
Global
	GlobalSection(SolutionConfigurationPlatforms) = preSolution
		Debug|Any CPU = Debug|Any CPU
		Release|Any CPU = Release|Any CPU
	EndGlobalSection
	GlobalSection(ProjectConfigurationPlatforms) = postSolution
		{33F24079-73CC-42AA-AD0C-779D7A01903A}.Debug|Any CPU.ActiveCfg = Debug|Any CPU
		{33F24079-73CC-42AA-AD0C-779D7A01903A}.Debug|Any CPU.Build.0 = Debug|Any CPU
		{33F24079-73CC-42AA-AD0C-779D7A01903A}.Release|Any CPU.ActiveCfg = Release|Any CPU
		{33F24079-73CC-42AA-AD0C-779D7A01903A}.Release|Any CPU.Build.0 = Release|Any CPU
		{8B29F2CC-CF1C-490B-A9E3-1DB8C0CB867E}.Debug|Any CPU.ActiveCfg = Debug|Any CPU
		{8B29F2CC-CF1C-490B-A9E3-1DB8C0CB867E}.Debug|Any CPU.Build.0 = Debug|Any CPU
		{8B29F2CC-CF1C-490B-A9E3-1DB8C0CB867E}.Release|Any CPU.ActiveCfg = Release|Any CPU
		{8B29F2CC-CF1C-490B-A9E3-1DB8C0CB867E}.Release|Any CPU.Build.0 = Release|Any CPU
		{7003F38D-1EBD-4E4E-AF79-AD4E59AF5D8F}.Debug|Any CPU.ActiveCfg = Debug|Any CPU
		{7003F38D-1EBD-4E4E-AF79-AD4E59AF5D8F}.Debug|Any CPU.Build.0 = Debug|Any CPU
		{7003F38D-1EBD-4E4E-AF79-AD4E59AF5D8F}.Release|Any CPU.ActiveCfg = Release|Any CPU
		{7003F38D-1EBD-4E4E-AF79-AD4E59AF5D8F}.Release|Any CPU.Build.0 = Release|Any CPU
		{F3C9F2BD-5E71-4129-AFD3-7C90D404AFBA}.Debug|Any CPU.ActiveCfg = Debug|Any CPU
		{F3C9F2BD-5E71-4129-AFD3-7C90D404AFBA}.Debug|Any CPU.Build.0 = Debug|Any CPU
		{F3C9F2BD-5E71-4129-AFD3-7C90D404AFBA}.Release|Any CPU.ActiveCfg = Release|Any CPU
		{F3C9F2BD-5E71-4129-AFD3-7C90D404AFBA}.Release|Any CPU.Build.0 = Release|Any CPU
		{4535CD51-5E7D-4373-9835-7DA669F8D75E}.Debug|Any CPU.ActiveCfg = Debug|Any CPU
		{4535CD51-5E7D-4373-9835-7DA669F8D75E}.Debug|Any CPU.Build.0 = Debug|Any CPU
		{4535CD51-5E7D-4373-9835-7DA669F8D75E}.Release|Any CPU.ActiveCfg = Release|Any CPU
		{4535CD51-5E7D-4373-9835-7DA669F8D75E}.Release|Any CPU.Build.0 = Release|Any CPU
	EndGlobalSection
	GlobalSection(SolutionProperties) = preSolution
		HideSolutionNode = FALSE
	EndGlobalSection
	GlobalSection(ExtensibilityGlobals) = postSolution
		SolutionGuid = {AC7E38C8-B159-4796-9702-553676C22CA5}
	EndGlobalSection
EndGlobal
